<?xml version="1.0" encoding="utf-8"?>
<Project ToolsVersion="4.0" xmlns="http://schemas.microsoft.com/developer/msbuild/2003">
  <ItemGroup>
    <Filter Include="VisualGDB settings">
      <UniqueIdentifier>{2b09fd0b-2c31-42e2-b9ef-000494a952c6}</UniqueIdentifier>
    </Filter>
    <Filter Include="cmsis">
      <UniqueIdentifier>{bb24456b-0d68-4a14-bcee-82252d3da25e}</UniqueIdentifier>
    </Filter>
    <Filter Include="cmsis_boot">
      <UniqueIdentifier>{82ba0ce9-7a10-4da7-aad5-5059acc563de}</UniqueIdentifier>
    </Filter>
    <Filter Include="cmsis_lib">
      <UniqueIdentifier>{83683d30-6b5d-42e9-b916-3f7da4ef5ec6}</UniqueIdentifier>
    </Filter>
    <Filter Include="cmsis_boot\startup">
      <UniqueIdentifier>{b9df714f-3e0f-4dbb-9f87-357f61201680}</UniqueIdentifier>
    </Filter>
    <Filter Include="cmsis_lib\inc">
      <UniqueIdentifier>{ca3cc80b-d341-44c3-9486-ecbfea740b88}</UniqueIdentifier>
    </Filter>
    <Filter Include="cmsis_lib\src">
      <UniqueIdentifier>{8296b5b2-6a1c-41ec-a23e-75f1912119e7}</UniqueIdentifier>
    </Filter>
    <Filter Include="adc">
      <UniqueIdentifier>{f9ddfbad-859b-4b48-9eda-b68a8df5d4e8}</UniqueIdentifier>
    </Filter>
    <Filter Include="display">
      <UniqueIdentifier>{0c350491-a105-46bb-9ed0-cb8b007c86d4}</UniqueIdentifier>
    </Filter>
    <Filter Include="gpio">
      <UniqueIdentifier>{9457b783-acdf-407b-911a-9859c96cd300}</UniqueIdentifier>
    </Filter>
    <Filter Include="taskmanger">
      <UniqueIdentifier>{0526efe1-f748-447f-8934-903565bcb8c7}</UniqueIdentifier>
    </Filter>
    <Filter Include="timer">
      <UniqueIdentifier>{c5bc67b8-75e1-44cc-9437-8f3c48692480}</UniqueIdentifier>
    </Filter>
    <Filter Include="utils">
      <UniqueIdentifier>{08690b8d-b45f-4f85-9f18-4e1d8fdb2406}</UniqueIdentifier>
    </Filter>
    <Filter Include="Device-specific files">
      <UniqueIdentifier>{618e4a40-b639-4b16-8965-4fdbee10058f}</UniqueIdentifier>
    </Filter>
    <Filter Include="Communication">
      <UniqueIdentifier>{c4044a7c-7d44-4e2c-956f-c8a1cc702560}</UniqueIdentifier>
    </Filter>
    <Filter Include="adc\1xx">
      <UniqueIdentifier>{493de2ee-16ad-436b-b413-1f9f697c6485}</UniqueIdentifier>
    </Filter>
  </ItemGroup>
  <ItemGroup>
    <None Include="Kcore_103-Debug.vgdbsettings">
      <Filter>VisualGDB settings</Filter>
    </None>
    <None Include="Kcore_103-Release.vgdbsettings">
      <Filter>VisualGDB settings</Filter>
    </None>
    <None Include="stm32.xml">
      <Filter>VisualGDB settings</Filter>
    </None>
    <None Include="cmsis_lib\src\.stm32f10x_flash.c.swp">
      <Filter>cmsis_lib\src</Filter>
    </None>
    <None Include="stm32.props" />
  </ItemGroup>
  <ItemGroup>
    <ClCompile Include="cmsis\core_cm3.c">
      <Filter>cmsis</Filter>
    </ClCompile>
    <ClCompile Include="cmsis_boot\system_stm32f10x.c">
      <Filter>cmsis_boot</Filter>
    </ClCompile>
    <ClCompile Include="cmsis_boot\startup\startup_stm32f10x_ld.c">
      <Filter>cmsis_boot\startup</Filter>
    </ClCompile>
    <ClCompile Include="cmsis_boot\startup\startup_stm32f10x_md.c">
      <Filter>cmsis_boot\startup</Filter>
    </ClCompile>
    <ClCompile Include="cmsis_lib\src\stm32f10x_adc.c">
      <Filter>cmsis_lib\src</Filter>
    </ClCompile>
    <ClCompile Include="cmsis_lib\src\stm32f10x_can.c">
      <Filter>cmsis_lib\src</Filter>
    </ClCompile>
    <ClCompile Include="cmsis_lib\src\stm32f10x_exti.c">
      <Filter>cmsis_lib\src</Filter>
    </ClCompile>
    <ClCompile Include="cmsis_lib\src\stm32f10x_flash.c">
      <Filter>cmsis_lib\src</Filter>
    </ClCompile>
    <ClCompile Include="cmsis_lib\src\stm32f10x_gpio.c">
      <Filter>cmsis_lib\src</Filter>
    </ClCompile>
    <ClCompile Include="cmsis_lib\src\stm32f10x_iwdg.c">
      <Filter>cmsis_lib\src</Filter>
    </ClCompile>
    <ClCompile Include="cmsis_lib\src\stm32f10x_misc.c">
      <Filter>cmsis_lib\src</Filter>
    </ClCompile>
    <ClCompile Include="cmsis_lib\src\stm32f10x_rcc.c">
      <Filter>cmsis_lib\src</Filter>
    </ClCompile>
    <ClCompile Include="cmsis_lib\src\stm32f10x_spi.c">
      <Filter>cmsis_lib\src</Filter>
    </ClCompile>
    <ClCompile Include="cmsis_lib\src\stm32f10x_tim.c">
      <Filter>cmsis_lib\src</Filter>
    </ClCompile>
    <ClCompile Include="cmsis_lib\src\stm32f10x_usart.c">
      <Filter>cmsis_lib\src</Filter>
    </ClCompile>
    <ClCompile Include="KCore\gpio\gpio.c">
      <Filter>gpio</Filter>
    </ClCompile>
    <ClCompile Include="KCore\taskmanager\taskmanager.c">
      <Filter>taskmanger</Filter>
    </ClCompile>
    <ClCompile Include="KCore\utils\utils.c">
      <Filter>utils</Filter>
    </ClCompile>
    <ClCompile Include="KCore\gpio\pins.c">
      <Filter>gpio</Filter>
    </ClCompile>
    <ClCompile Include="KCore\adc\adc.c">
      <Filter>adc</Filter>
    </ClCompile>
    <ClCompile Include="KCore\adc\ADC_Tables.c">
      <Filter>adc</Filter>
    </ClCompile>
    <ClCompile Include="KCore\display\display.c">
      <Filter>display</Filter>
    </ClCompile>
    <ClCompile Include="KCore\display\st7735.c">
      <Filter>display</Filter>
    </ClCompile>
    <ClCompile Include="KCore\display\displaylist.c">
      <Filter>display</Filter>
    </ClCompile>
    <ClCompile Include="KCore\display\gui.c">
      <Filter>display</Filter>
    </ClCompile>
    <ClCompile Include="KCore\timer\timer.c">
      <Filter>timer</Filter>
    </ClCompile>
    <ClCompile Include="KCore\main.c" />
    <ClCompile Include="KCore\adc\1xx\adc_1xx.c">
      <Filter>adc\1xx</Filter>
    </ClCompile>
  </ItemGroup>
  <ItemGroup>
    <ClInclude Include="cmsis\core_cm3.h">
      <Filter>cmsis</Filter>
    </ClInclude>
    <ClInclude Include="cmsis_boot\stm32f10x.h">
      <Filter>cmsis_boot</Filter>
    </ClInclude>
    <ClInclude Include="cmsis_boot\stm32f10x_conf.h">
      <Filter>cmsis_boot</Filter>
    </ClInclude>
    <ClInclude Include="cmsis_boot\system_stm32f10x.h">
      <Filter>cmsis_boot</Filter>
    </ClInclude>
    <ClInclude Include="cmsis_lib\inc\stm32f10x_adc.h">
      <Filter>cmsis_lib\inc</Filter>
    </ClInclude>
    <ClInclude Include="cmsis_lib\inc\stm32f10x_can.h">
      <Filter>cmsis_lib\inc</Filter>
    </ClInclude>
    <ClInclude Include="cmsis_lib\inc\stm32f10x_exti.h">
      <Filter>cmsis_lib\inc</Filter>
    </ClInclude>
    <ClInclude Include="cmsis_lib\inc\stm32f10x_flash.h">
      <Filter>cmsis_lib\inc</Filter>
    </ClInclude>
    <ClInclude Include="cmsis_lib\inc\stm32f10x_gpio.h">
      <Filter>cmsis_lib\inc</Filter>
    </ClInclude>
    <ClInclude Include="cmsis_lib\inc\stm32f10x_iwdg.h">
      <Filter>cmsis_lib\inc</Filter>
    </ClInclude>
    <ClInclude Include="cmsis_lib\inc\stm32f10x_misc.h">
      <Filter>cmsis_lib\inc</Filter>
    </ClInclude>
    <ClInclude Include="cmsis_lib\inc\stm32f10x_rcc.h">
      <Filter>cmsis_lib\inc</Filter>
    </ClInclude>
    <ClInclude Include="cmsis_lib\inc\stm32f10x_spi.h">
      <Filter>cmsis_lib\inc</Filter>
    </ClInclude>
    <ClInclude Include="cmsis_lib\inc\stm32f10x_tim.h">
      <Filter>cmsis_lib\inc</Filter>
    </ClInclude>
    <ClInclude Include="cmsis_lib\inc\stm32f10x_usart.h">
      <Filter>cmsis_lib\inc</Filter>
    </ClInclude>
    <ClInclude Include="KCore\gpio\pinout.h">
      <Filter>gpio</Filter>
    </ClInclude>
    <ClInclude Include="KCore\gpio\pins.h">
      <Filter>gpio</Filter>
    </ClInclude>
    <ClInclude Include="KCore\gpio\pins_stm32f10x.h">
      <Filter>gpio</Filter>
    </ClInclude>
    <ClInclude Include="KCore\gpio\gpio.h">
      <Filter>gpio</Filter>
    </ClInclude>
    <ClInclude Include="KCore\taskmanager\taskmanager.h">
      <Filter>taskmanger</Filter>
    </ClInclude>
    <ClInclude Include="KCore\utils\utils.h">
      <Filter>utils</Filter>
    </ClInclude>
    <ClInclude Include="KCore\adc\adc.h">
      <Filter>adc</Filter>
    </ClInclude>
    <ClInclude Include="KCore\adc\ADC_Tables.h">
      <Filter>adc</Filter>
    </ClInclude>
    <ClInclude Include="KCore\display\display.h">
      <Filter>display</Filter>
    </ClInclude>
    <ClInclude Include="KCore\display\font5x7.h">
      <Filter>display</Filter>
    </ClInclude>
    <ClInclude Include="KCore\display\displaylist.h">
      <Filter>display</Filter>
    </ClInclude>
    <ClInclude Include="KCore\display\gui.h">
      <Filter>display</Filter>
    </ClInclude>
    <ClInclude Include="KCore\display\st7735.h">
      <Filter>display</Filter>
    </ClInclude>
    <ClInclude Include="KCore\timer\timer.h">
      <Filter>timer</Filter>
    </ClInclude>
    <ClInclude Include="KCore\main.h" />
    <ClInclude Include="KCore\RevisionHistory.h" />
    <ClInclude Include="KCore\adc\1xx\adc_1xx.h">
      <Filter>adc\1xx</Filter>
    </ClInclude>
    <ClInclude Include="KCore\display\font16x8.h">
      <Filter>display</Filter>
    </ClInclude>
  </ItemGroup>
</Project>